
Microsoft Visual Studio Solution File, Format Version 12.00
# Visual Studio 15
VisualStudioVersion = 15.0.27004.2006
MinimumVisualStudioVersion = 10.0.40219.1
Project("{FAE04EC0-301F-11D3-BF4B-00C04F79EFBC}") = "AppService", "AppService\AppService.csproj", "{EE690A9A-23DE-4A05-AE34-4292DC37A93B}"
EndProject
Global
	GlobalSection(SolutionConfigurationPlatforms) = preSolution
		Debug|Any CPU = Debug|Any CPU
		Release|Any CPU = Release|Any CPU
	EndGlobalSection
	GlobalSection(ProjectConfigurationPlatforms) = postSolution
		{EE690A9A-23DE-4A05-AE34-4292DC37A93B}.Debug|Any CPU.ActiveCfg = Debug|Any CPU
		{EE690A9A-23DE-4A05-AE34-4292DC37A93B}.Debug|Any CPU.Build.0 = Debug|Any CPU
		{EE690A9A-23DE-4A05-AE34-4292DC37A93B}.Release|Any CPU.ActiveCfg = Release|Any CPU
		{EE690A9A-23DE-4A05-AE34-4292DC37A93B}.Release|Any CPU.Build.0 = Release|Any CPU
	EndGlobalSection
	GlobalSection(SolutionProperties) = preSolution
		HideSolutionNode = FALSE
	EndGlobalSection
	GlobalSection(ExtensibilityGlobals) = postSolution
		SolutionGuid = {FC1721E2-EAE7-4D89-8F4F-324D4A1FF978}
	EndGlobalSection
EndGlobal
